// !$*UTF8*$!
{
	archiveVersion = 1;
	classes = {
	};
	objectVersion = 51;
	objects = {

/* Begin PBXBuildFile section */
		B5029C22268DABEC0073E9A8 /* Constants.swift in Sources */ = {isa = PBXBuildFile; fileRef = B5029C21268DABEC0073E9A8 /* Constants.swift */; };
		B54D50242685B0790069884F /* RootViewController.swift in Sources */ = {isa = PBXBuildFile; fileRef = B54D50222685B0790069884F /* RootViewController.swift */; };
		B54D50252685B0790069884F /* RootViewController.xib in Resources */ = {isa = PBXBuildFile; fileRef = B54D50232685B0790069884F /* RootViewController.xib */; };
		B55131CF2685DFBE0043FAA2 /* ContactViewController.xib in Resources */ = {isa = PBXBuildFile; fileRef = B55131CE2685DFBE0043FAA2 /* ContactViewController.xib */; };
		B55131D42685ED0A0043FAA2 /* ContactTableViewCell.swift in Sources */ = {isa = PBXBuildFile; fileRef = B55131D22685ED0A0043FAA2 /* ContactTableViewCell.swift */; };
		B55131D52685ED0A0043FAA2 /* ContactTableViewCell.xib in Resources */ = {isa = PBXBuildFile; fileRef = B55131D32685ED0A0043FAA2 /* ContactTableViewCell.xib */; };
		B55131D92685F3930043FAA2 /* ContactInfoViewController.swift in Sources */ = {isa = PBXBuildFile; fileRef = B55131D72685F3930043FAA2 /* ContactInfoViewController.swift */; };
		B55131DA2685F3930043FAA2 /* ContactInfoViewController.xib in Resources */ = {isa = PBXBuildFile; fileRef = B55131D82685F3930043FAA2 /* ContactInfoViewController.xib */; };
		B5649D262686024F00F36952 /* Peoples.swift in Sources */ = {isa = PBXBuildFile; fileRef = B5649D252686024F00F36952 /* Peoples.swift */; };
		B570C1A12682008D00F020A8 /* AppDelegate.swift in Sources */ = {isa = PBXBuildFile; fileRef = B570C1A02682008D00F020A8 /* AppDelegate.swift */; };
		B570C1AA2682009200F020A8 /* Assets.xcassets in Resources */ = {isa = PBXBuildFile; fileRef = B570C1A92682009200F020A8 /* Assets.xcassets */; };
		B570C1BC2682012B00F020A8 /* RegisterLoginViewController.swift in Sources */ = {isa = PBXBuildFile; fileRef = B570C1BA2682012A00F020A8 /* RegisterLoginViewController.swift */; };
		B570C1BD2682012B00F020A8 /* RegisterLoginViewController.xib in Resources */ = {isa = PBXBuildFile; fileRef = B570C1BB2682012A00F020A8 /* RegisterLoginViewController.xib */; };
		B57CC105268DADFD00B25C55 /* Name.swift in Sources */ = {isa = PBXBuildFile; fileRef = B57CC104268DADFD00B25C55 /* Name.swift */; };
		B57CC108268DAE0C00B25C55 /* Photo.swift in Sources */ = {isa = PBXBuildFile; fileRef = B57CC107268DAE0C00B25C55 /* Photo.swift */; };
		B57CC10B268DAE2500B25C55 /* EmailAddress.swift in Sources */ = {isa = PBXBuildFile; fileRef = B57CC10A268DAE2500B25C55 /* EmailAddress.swift */; };
		B57CC10E268DAE6100B25C55 /* People.swift in Sources */ = {isa = PBXBuildFile; fileRef = B57CC10D268DAE6100B25C55 /* People.swift */; };
		B57CC111268DAE8D00B25C55 /* PhoneNumber.swift in Sources */ = {isa = PBXBuildFile; fileRef = B57CC110268DAE8D00B25C55 /* PhoneNumber.swift */; };
		B5B58C9526848A6D00652581 /* GoogleService-Info.plist in Resources */ = {isa = PBXBuildFile; fileRef = B5B58C9426848A6D00652581 /* GoogleService-Info.plist */; };
		B5B58C9A26849B5E00652581 /* ContactViewController.swift in Sources */ = {isa = PBXBuildFile; fileRef = B5B58C9826849B5E00652581 /* ContactViewController.swift */; };
		BC4EE1BE75B9FD2E2AAB6850 /* Pods_ContactList.framework in Frameworks */ = {isa = PBXBuildFile; fileRef = CC8B18BF7118AE9157EF423D /* Pods_ContactList.framework */; };
/* End PBXBuildFile section */

/* Begin PBXFileReference section */
		01A12B75B7147CE72FCEE2EF /* Pods-ContactList.debug.xcconfig */ = {isa = PBXFileReference; includeInIndex = 1; lastKnownFileType = text.xcconfig; name = "Pods-ContactList.debug.xcconfig"; path = "Target Support Files/Pods-ContactList/Pods-ContactList.debug.xcconfig"; sourceTree = "<group>"; };
		B5029C21268DABEC0073E9A8 /* Constants.swift */ = {isa = PBXFileReference; lastKnownFileType = sourcecode.swift; path = Constants.swift; sourceTree = "<group>"; };
		B54D50222685B0790069884F /* RootViewController.swift */ = {isa = PBXFileReference; lastKnownFileType = sourcecode.swift; path = RootViewController.swift; sourceTree = "<group>"; };
		B54D50232685B0790069884F /* RootViewController.xib */ = {isa = PBXFileReference; lastKnownFileType = file.xib; path = RootViewController.xib; sourceTree = "<group>"; };
		B55131CE2685DFBE0043FAA2 /* ContactViewController.xib */ = {isa = PBXFileReference; fileEncoding = 4; lastKnownFileType = file.xib; path = ContactViewController.xib; sourceTree = "<group>"; };
		B55131D22685ED0A0043FAA2 /* ContactTableViewCell.swift */ = {isa = PBXFileReference; lastKnownFileType = sourcecode.swift; path = ContactTableViewCell.swift; sourceTree = "<group>"; };
		B55131D32685ED0A0043FAA2 /* ContactTableViewCell.xib */ = {isa = PBXFileReference; lastKnownFileType = file.xib; path = ContactTableViewCell.xib; sourceTree = "<group>"; };
		B55131D72685F3930043FAA2 /* ContactInfoViewController.swift */ = {isa = PBXFileReference; lastKnownFileType = sourcecode.swift; path = ContactInfoViewController.swift; sourceTree = "<group>"; };
		B55131D82685F3930043FAA2 /* ContactInfoViewController.xib */ = {isa = PBXFileReference; lastKnownFileType = file.xib; path = ContactInfoViewController.xib; sourceTree = "<group>"; };
		B5649D252686024F00F36952 /* Peoples.swift */ = {isa = PBXFileReference; lastKnownFileType = sourcecode.swift; path = Peoples.swift; sourceTree = "<group>"; };
		B570C19D2682008D00F020A8 /* ContactList.app */ = {isa = PBXFileReference; explicitFileType = wrapper.application; includeInIndex = 0; path = ContactList.app; sourceTree = BUILT_PRODUCTS_DIR; };
		B570C1A02682008D00F020A8 /* AppDelegate.swift */ = {isa = PBXFileReference; lastKnownFileType = sourcecode.swift; path = AppDelegate.swift; sourceTree = "<group>"; };
		B570C1A92682009200F020A8 /* Assets.xcassets */ = {isa = PBXFileReference; lastKnownFileType = folder.assetcatalog; path = Assets.xcassets; sourceTree = "<group>"; };
		B570C1AE2682009200F020A8 /* Info.plist */ = {isa = PBXFileReference; lastKnownFileType = text.plist.xml; path = Info.plist; sourceTree = "<group>"; };
		B570C1BA2682012A00F020A8 /* RegisterLoginViewController.swift */ = {isa = PBXFileReference; lastKnownFileType = sourcecode.swift; path = RegisterLoginViewController.swift; sourceTree = "<group>"; };
		B570C1BB2682012A00F020A8 /* RegisterLoginViewController.xib */ = {isa = PBXFileReference; lastKnownFileType = file.xib; path = RegisterLoginViewController.xib; sourceTree = "<group>"; };
		B57CC104268DADFD00B25C55 /* Name.swift */ = {isa = PBXFileReference; lastKnownFileType = sourcecode.swift; path = Name.swift; sourceTree = "<group>"; };
		B57CC107268DAE0C00B25C55 /* Photo.swift */ = {isa = PBXFileReference; lastKnownFileType = sourcecode.swift; path = Photo.swift; sourceTree = "<group>"; };
		B57CC10A268DAE2500B25C55 /* EmailAddress.swift */ = {isa = PBXFileReference; lastKnownFileType = sourcecode.swift; path = EmailAddress.swift; sourceTree = "<group>"; };
		B57CC10D268DAE6100B25C55 /* People.swift */ = {isa = PBXFileReference; lastKnownFileType = sourcecode.swift; path = People.swift; sourceTree = "<group>"; };
		B57CC110268DAE8D00B25C55 /* PhoneNumber.swift */ = {isa = PBXFileReference; lastKnownFileType = sourcecode.swift; path = PhoneNumber.swift; sourceTree = "<group>"; };
		B5B58C9426848A6D00652581 /* GoogleService-Info.plist */ = {isa = PBXFileReference; fileEncoding = 4; lastKnownFileType = text.plist.xml; path = "GoogleService-Info.plist"; sourceTree = "<group>"; };
		B5B58C9826849B5E00652581 /* ContactViewController.swift */ = {isa = PBXFileReference; lastKnownFileType = sourcecode.swift; path = ContactViewController.swift; sourceTree = "<group>"; };
		CC8B18BF7118AE9157EF423D /* Pods_ContactList.framework */ = {isa = PBXFileReference; explicitFileType = wrapper.framework; includeInIndex = 0; path = Pods_ContactList.framework; sourceTree = BUILT_PRODUCTS_DIR; };
		E032F1EFB6C929ED40F3B7DE /* Pods-ContactList.release.xcconfig */ = {isa = PBXFileReference; includeInIndex = 1; lastKnownFileType = text.xcconfig; name = "Pods-ContactList.release.xcconfig"; path = "Target Support Files/Pods-ContactList/Pods-ContactList.release.xcconfig"; sourceTree = "<group>"; };
/* End PBXFileReference section */

/* Begin PBXFrameworksBuildPhase section */
		B570C19A2682008D00F020A8 /* Frameworks */ = {
			isa = PBXFrameworksBuildPhase;
			buildActionMask = 2147483647;
			files = (
				BC4EE1BE75B9FD2E2AAB6850 /* Pods_ContactList.framework in Frameworks */,
			);
			runOnlyForDeploymentPostprocessing = 0;
		};
/* End PBXFrameworksBuildPhase section */

/* Begin PBXGroup section */
		113BFEF14755F99FCC2F8D8B /* Frameworks */ = {
			isa = PBXGroup;
			children = (
				CC8B18BF7118AE9157EF423D /* Pods_ContactList.framework */,
			);
			name = Frameworks;
			sourceTree = "<group>";
		};
		7D9B8F584BA8B8A7F87727A4 /* Pods */ = {
			isa = PBXGroup;
			children = (
				01A12B75B7147CE72FCEE2EF /* Pods-ContactList.debug.xcconfig */,
				E032F1EFB6C929ED40F3B7DE /* Pods-ContactList.release.xcconfig */,
			);
			path = Pods;
			sourceTree = "<group>";
		};
		B5029C1E268DA6980073E9A8 /* Scenes */ = {
			isa = PBXGroup;
			children = (
				B5B9C890268C9B1F00D5E28F /* ContactViewController */,
				B5B9C88F268C9AF200D5E28F /* ContactInfoViewController */,
				B5B9C88E268C9AD700D5E28F /* RegisterLoginViewController */,
				B5B9C88D268C9AC600D5E28F /* RootViewController */,
			);
			path = Scenes;
			sourceTree = "<group>";
		};
		B5029C1F268DA6EF0073E9A8 /* Shared */ = {
			isa = PBXGroup;
			children = (
				B5029C20268DA6F80073E9A8 /* Constants */,
			);
			path = Shared;
			sourceTree = "<group>";
		};
		B5029C20268DA6F80073E9A8 /* Constants */ = {
			isa = PBXGroup;
			children = (
				B5029C21268DABEC0073E9A8 /* Constants.swift */,
			);
			path = Constants;
			sourceTree = "<group>";
		};
		B570C1942682008D00F020A8 = {
			isa = PBXGroup;
			children = (
				B570C19F2682008D00F020A8 /* ContactList */,
				B570C19E2682008D00F020A8 /* Products */,
				7D9B8F584BA8B8A7F87727A4 /* Pods */,
				113BFEF14755F99FCC2F8D8B /* Frameworks */,
			);
			sourceTree = "<group>";
		};
		B570C19E2682008D00F020A8 /* Products */ = {
			isa = PBXGroup;
			children = (
				B570C19D2682008D00F020A8 /* ContactList.app */,
			);
			name = Products;
			sourceTree = "<group>";
		};
		B570C19F2682008D00F020A8 /* ContactList */ = {
			isa = PBXGroup;
			children = (
				B5029C1F268DA6EF0073E9A8 /* Shared */,
				B5029C1E268DA6980073E9A8 /* Scenes */,
				B57CC102268DADBD00B25C55 /* Application */,
				B57CC101268DAD7600B25C55 /* Resourses */,
				B57CC103268DADEA00B25C55 /* Configurations */,
			);
			path = ContactList;
			sourceTree = "<group>";
		};
		B57CC101268DAD7600B25C55 /* Resourses */ = {
			isa = PBXGroup;
			children = (
				B570C1A92682009200F020A8 /* Assets.xcassets */,
			);
			path = Resourses;
			sourceTree = "<group>";
		};
		B57CC102268DADBD00B25C55 /* Application */ = {
			isa = PBXGroup;
			children = (
				B570C1A02682008D00F020A8 /* AppDelegate.swift */,
			);
			path = Application;
			sourceTree = "<group>";
		};
		B57CC103268DADEA00B25C55 /* Configurations */ = {
			isa = PBXGroup;
			children = (
				B570C1AE2682009200F020A8 /* Info.plist */,
				B5B58C9426848A6D00652581 /* GoogleService-Info.plist */,
			);
			name = Configurations;
			sourceTree = "<group>";
		};
		B57CC114268DB44900B25C55 /* Cells */ = {
			isa = PBXGroup;
			children = (
				B5B9C892268C9B3600D5E28F /* ContactTableViewCell */,
			);
			path = Cells;
			sourceTree = "<group>";
		};
		B57CC115268DB4D200B25C55 /* View */ = {
			isa = PBXGroup;
			children = (
				B55131CE2685DFBE0043FAA2 /* ContactViewController.xib */,
				B5B58C9826849B5E00652581 /* ContactViewController.swift */,
			);
			path = View;
			sourceTree = "<group>";
		};
		B57CC116268DB4E100B25C55 /* View */ = {
			isa = PBXGroup;
			children = (
				B55131D72685F3930043FAA2 /* ContactInfoViewController.swift */,
				B55131D82685F3930043FAA2 /* ContactInfoViewController.xib */,
			);
			path = View;
			sourceTree = "<group>";
		};
		B57CC117268DB4E800B25C55 /* View */ = {
			isa = PBXGroup;
			children = (
				B570C1BA2682012A00F020A8 /* RegisterLoginViewController.swift */,
				B570C1BB2682012A00F020A8 /* RegisterLoginViewController.xib */,
			);
			path = View;
			sourceTree = "<group>";
		};
		B57CC118268DB4EE00B25C55 /* View */ = {
			isa = PBXGroup;
			children = (
				B54D50232685B0790069884F /* RootViewController.xib */,
				B54D50222685B0790069884F /* RootViewController.swift */,
			);
			path = View;
			sourceTree = "<group>";
		};
		B5B9C88D268C9AC600D5E28F /* RootViewController */ = {
			isa = PBXGroup;
			children = (
				B57CC118268DB4EE00B25C55 /* View */,
			);
			path = RootViewController;
			sourceTree = "<group>";
		};
		B5B9C88E268C9AD700D5E28F /* RegisterLoginViewController */ = {
			isa = PBXGroup;
			children = (
				B57CC117268DB4E800B25C55 /* View */,
			);
			path = RegisterLoginViewController;
			sourceTree = "<group>";
		};
		B5B9C88F268C9AF200D5E28F /* ContactInfoViewController */ = {
			isa = PBXGroup;
			children = (
				B57CC116268DB4E100B25C55 /* View */,
			);
			path = ContactInfoViewController;
			sourceTree = "<group>";
		};
		B5B9C890268C9B1F00D5E28F /* ContactViewController */ = {
			isa = PBXGroup;
			children = (
				B57CC114268DB44900B25C55 /* Cells */,
				B5B9C895268C9B5D00D5E28F /* Models */,
				B57CC115268DB4D200B25C55 /* View */,
			);
			path = ContactViewController;
			sourceTree = "<group>";
		};
		B5B9C892268C9B3600D5E28F /* ContactTableViewCell */ = {
			isa = PBXGroup;
			children = (
				B55131D32685ED0A0043FAA2 /* ContactTableViewCell.xib */,
				B55131D22685ED0A0043FAA2 /* ContactTableViewCell.swift */,
			);
			path = ContactTableViewCell;
			sourceTree = "<group>";
		};
		B5B9C895268C9B5D00D5E28F /* Models */ = {
			isa = PBXGroup;
			children = (
				B5649D252686024F00F36952 /* Peoples.swift */,
				B57CC10D268DAE6100B25C55 /* People.swift */,
				B57CC104268DADFD00B25C55 /* Name.swift */,
				B57CC107268DAE0C00B25C55 /* Photo.swift */,
				B57CC10A268DAE2500B25C55 /* EmailAddress.swift */,
				B57CC110268DAE8D00B25C55 /* PhoneNumber.swift */,
			);
			path = Models;
			sourceTree = "<group>";
		};
/* End PBXGroup section */

/* Begin PBXNativeTarget section */
		B570C19C2682008D00F020A8 /* ContactList */ = {
			isa = PBXNativeTarget;
			buildConfigurationList = B570C1B12682009200F020A8 /* Build configuration list for PBXNativeTarget "ContactList" */;
			buildPhases = (
				75CB03DF0F5B1233FE1254F4 /* [CP] Check Pods Manifest.lock */,
				B570C1992682008D00F020A8 /* Sources */,
				B570C19A2682008D00F020A8 /* Frameworks */,
				B570C19B2682008D00F020A8 /* Resources */,
				47AB03561E812C0CEB34FD74 /* [CP] Embed Pods Frameworks */,
				E9858BEF4B840512EE30DC21 /* [CP] Copy Pods Resources */,
			);
			buildRules = (
			);
			dependencies = (
			);
			name = ContactList;
			productName = ContactList;
			productReference = B570C19D2682008D00F020A8 /* ContactList.app */;
			productType = "com.apple.product-type.application";
		};
/* End PBXNativeTarget section */

/* Begin PBXProject section */
		B570C1952682008D00F020A8 /* Project object */ = {
			isa = PBXProject;
			attributes = {
				LastSwiftUpdateCheck = 1230;
				LastUpgradeCheck = 1230;
				TargetAttributes = {
					B570C19C2682008D00F020A8 = {
						CreatedOnToolsVersion = 12.3;
					};
				};
			};
			buildConfigurationList = B570C1982682008D00F020A8 /* Build configuration list for PBXProject "ContactList" */;
			compatibilityVersion = "Xcode 9.3";
			developmentRegion = en;
			hasScannedForEncodings = 0;
			knownRegions = (
				en,
				Base,
			);
			mainGroup = B570C1942682008D00F020A8;
			productRefGroup = B570C19E2682008D00F020A8 /* Products */;
			projectDirPath = "";
			projectRoot = "";
			targets = (
				B570C19C2682008D00F020A8 /* ContactList */,
			);
		};
/* End PBXProject section */

/* Begin PBXResourcesBuildPhase section */
		B570C19B2682008D00F020A8 /* Resources */ = {
			isa = PBXResourcesBuildPhase;
			buildActionMask = 2147483647;
			files = (
				B55131D52685ED0A0043FAA2 /* ContactTableViewCell.xib in Resources */,
				B570C1BD2682012B00F020A8 /* RegisterLoginViewController.xib in Resources */,
				B55131CF2685DFBE0043FAA2 /* ContactViewController.xib in Resources */,
				B54D50252685B0790069884F /* RootViewController.xib in Resources */,
				B570C1AA2682009200F020A8 /* Assets.xcassets in Resources */,
				B55131DA2685F3930043FAA2 /* ContactInfoViewController.xib in Resources */,
				B5B58C9526848A6D00652581 /* GoogleService-Info.plist in Resources */,
			);
			runOnlyForDeploymentPostprocessing = 0;
		};
/* End PBXResourcesBuildPhase section */

/* Begin PBXShellScriptBuildPhase section */
		47AB03561E812C0CEB34FD74 /* [CP] Embed Pods Frameworks */ = {
			isa = PBXShellScriptBuildPhase;
			buildActionMask = 2147483647;
			files = (
			);
			inputFileListPaths = (
				"${PODS_ROOT}/Target Support Files/Pods-ContactList/Pods-ContactList-frameworks-${CONFIGURATION}-input-files.xcfilelist",
			);
			name = "[CP] Embed Pods Frameworks";
			outputFileListPaths = (
				"${PODS_ROOT}/Target Support Files/Pods-ContactList/Pods-ContactList-frameworks-${CONFIGURATION}-output-files.xcfilelist",
			);
			runOnlyForDeploymentPostprocessing = 0;
			shellPath = /bin/sh;
			shellScript = "\"${PODS_ROOT}/Target Support Files/Pods-ContactList/Pods-ContactList-frameworks.sh\"\n";
			showEnvVarsInLog = 0;
		};
		75CB03DF0F5B1233FE1254F4 /* [CP] Check Pods Manifest.lock */ = {
			isa = PBXShellScriptBuildPhase;
			buildActionMask = 2147483647;
			files = (
			);
			inputFileListPaths = (
			);
			inputPaths = (
				"${PODS_PODFILE_DIR_PATH}/Podfile.lock",
				"${PODS_ROOT}/Manifest.lock",
			);
			name = "[CP] Check Pods Manifest.lock";
			outputFileListPaths = (
			);
			outputPaths = (
				"$(DERIVED_FILE_DIR)/Pods-ContactList-checkManifestLockResult.txt",
			);
			runOnlyForDeploymentPostprocessing = 0;
			shellPath = /bin/sh;
			shellScript = "diff \"${PODS_PODFILE_DIR_PATH}/Podfile.lock\" \"${PODS_ROOT}/Manifest.lock\" > /dev/null\nif [ $? != 0 ] ; then\n    # print error to STDERR\n    echo \"error: The sandbox is not in sync with the Podfile.lock. Run 'pod install' or update your CocoaPods installation.\" >&2\n    exit 1\nfi\n# This output is used by Xcode 'outputs' to avoid re-running this script phase.\necho \"SUCCESS\" > \"${SCRIPT_OUTPUT_FILE_0}\"\n";
			showEnvVarsInLog = 0;
		};
		E9858BEF4B840512EE30DC21 /* [CP] Copy Pods Resources */ = {
			isa = PBXShellScriptBuildPhase;
			buildActionMask = 2147483647;
			files = (
			);
			inputFileListPaths = (
				"${PODS_ROOT}/Target Support Files/Pods-ContactList/Pods-ContactList-resources-${CONFIGURATION}-input-files.xcfilelist",
			);
			name = "[CP] Copy Pods Resources";
			outputFileListPaths = (
				"${PODS_ROOT}/Target Support Files/Pods-ContactList/Pods-ContactList-resources-${CONFIGURATION}-output-files.xcfilelist",
			);
			runOnlyForDeploymentPostprocessing = 0;
			shellPath = /bin/sh;
			shellScript = "\"${PODS_ROOT}/Target Support Files/Pods-ContactList/Pods-ContactList-resources.sh\"\n";
			showEnvVarsInLog = 0;
		};
/* End PBXShellScriptBuildPhase section */

/* Begin PBXSourcesBuildPhase section */
		B570C1992682008D00F020A8 /* Sources */ = {
			isa = PBXSourcesBuildPhase;
			buildActionMask = 2147483647;
			files = (
				B5B58C9A26849B5E00652581 /* ContactViewController.swift in Sources */,
				B55131D42685ED0A0043FAA2 /* ContactTableViewCell.swift in Sources */,
				B57CC10B268DAE2500B25C55 /* EmailAddress.swift in Sources */,
				B5649D262686024F00F36952 /* Peoples.swift in Sources */,
				B57CC10E268DAE6100B25C55 /* People.swift in Sources */,
				B570C1BC2682012B00F020A8 /* RegisterLoginViewController.swift in Sources */,
				B57CC108268DAE0C00B25C55 /* Photo.swift in Sources */,
				B54D50242685B0790069884F /* RootViewController.swift in Sources */,
				B570C1A12682008D00F020A8 /* AppDelegate.swift in Sources */,
				B57CC105268DADFD00B25C55 /* Name.swift in Sources */,
				B57CC111268DAE8D00B25C55 /* PhoneNumber.swift in Sources */,
				B55131D92685F3930043FAA2 /* ContactInfoViewController.swift in Sources */,
				B5029C22268DABEC0073E9A8 /* Constants.swift in Sources */,
			);
			runOnlyForDeploymentPostprocessing = 0;
		};
/* End PBXSourcesBuildPhase section */

/* Begin XCBuildConfiguration section */
		B570C1AF2682009200F020A8 /* Debug */ = {
			isa = XCBuildConfiguration;
			buildSettings = {
				ALWAYS_SEARCH_USER_PATHS = NO;
				CLANG_ANALYZER_NONNULL = YES;
				CLANG_ANALYZER_NUMBER_OBJECT_CONVERSION = YES_AGGRESSIVE;
				CLANG_CXX_LANGUAGE_STANDARD = "gnu++14";
				CLANG_CXX_LIBRARY = "libc++";
				CLANG_ENABLE_MODULES = YES;
				CLANG_ENABLE_OBJC_ARC = YES;
				CLANG_ENABLE_OBJC_WEAK = YES;
				CLANG_WARN_BLOCK_CAPTURE_AUTORELEASING = YES;
				CLANG_WARN_BOOL_CONVERSION = YES;
				CLANG_WARN_COMMA = YES;
				CLANG_WARN_CONSTANT_CONVERSION = YES;
				CLANG_WARN_DEPRECATED_OBJC_IMPLEMENTATIONS = YES;
				CLANG_WARN_DIRECT_OBJC_ISA_USAGE = YES_ERROR;
				CLANG_WARN_DOCUMENTATION_COMMENTS = YES;
				CLANG_WARN_EMPTY_BODY = YES;
				CLANG_WARN_ENUM_CONVERSION = YES;
				CLANG_WARN_INFINITE_RECURSION = YES;
				CLANG_WARN_INT_CONVERSION = YES;
				CLANG_WARN_NON_LITERAL_NULL_CONVERSION = YES;
				CLANG_WARN_OBJC_IMPLICIT_RETAIN_SELF = YES;
				CLANG_WARN_OBJC_LITERAL_CONVERSION = YES;
				CLANG_WARN_OBJC_ROOT_CLASS = YES_ERROR;
				CLANG_WARN_QUOTED_INCLUDE_IN_FRAMEWORK_HEADER = YES;
				CLANG_WARN_RANGE_LOOP_ANALYSIS = YES;
				CLANG_WARN_STRICT_PROTOTYPES = YES;
				CLANG_WARN_SUSPICIOUS_MOVE = YES;
				CLANG_WARN_UNGUARDED_AVAILABILITY = YES_AGGRESSIVE;
				CLANG_WARN_UNREACHABLE_CODE = YES;
				CLANG_WARN__DUPLICATE_METHOD_MATCH = YES;
				COPY_PHASE_STRIP = NO;
				DEBUG_INFORMATION_FORMAT = dwarf;
				ENABLE_STRICT_OBJC_MSGSEND = YES;
				ENABLE_TESTABILITY = YES;
				GCC_C_LANGUAGE_STANDARD = gnu11;
				GCC_DYNAMIC_NO_PIC = NO;
				GCC_NO_COMMON_BLOCKS = YES;
				GCC_OPTIMIZATION_LEVEL = 0;
				GCC_PREPROCESSOR_DEFINITIONS = (
					"DEBUG=1",
					"$(inherited)",
				);
				GCC_WARN_64_TO_32_BIT_CONVERSION = YES;
				GCC_WARN_ABOUT_RETURN_TYPE = YES_ERROR;
				GCC_WARN_UNDECLARED_SELECTOR = YES;
				GCC_WARN_UNINITIALIZED_AUTOS = YES_AGGRESSIVE;
				GCC_WARN_UNUSED_FUNCTION = YES;
				GCC_WARN_UNUSED_VARIABLE = YES;
				IPHONEOS_DEPLOYMENT_TARGET = 11.0;
				MTL_ENABLE_DEBUG_INFO = INCLUDE_SOURCE;
				MTL_FAST_MATH = YES;
				ONLY_ACTIVE_ARCH = YES;
				SDKROOT = iphoneos;
				SWIFT_ACTIVE_COMPILATION_CONDITIONS = DEBUG;
				SWIFT_OPTIMIZATION_LEVEL = "-Onone";
			};
			name = Debug;
		};
		B570C1B02682009200F020A8 /* Release */ = {
			isa = XCBuildConfiguration;
			buildSettings = {
				ALWAYS_SEARCH_USER_PATHS = NO;
				CLANG_ANALYZER_NONNULL = YES;
				CLANG_ANALYZER_NUMBER_OBJECT_CONVERSION = YES_AGGRESSIVE;
				CLANG_CXX_LANGUAGE_STANDARD = "gnu++14";
				CLANG_CXX_LIBRARY = "libc++";
				CLANG_ENABLE_MODULES = YES;
				CLANG_ENABLE_OBJC_ARC = YES;
				CLANG_ENABLE_OBJC_WEAK = YES;
				CLANG_WARN_BLOCK_CAPTURE_AUTORELEASING = YES;
				CLANG_WARN_BOOL_CONVERSION = YES;
				CLANG_WARN_COMMA = YES;
				CLANG_WARN_CONSTANT_CONVERSION = YES;
				CLANG_WARN_DEPRECATED_OBJC_IMPLEMENTATIONS = YES;
				CLANG_WARN_DIRECT_OBJC_ISA_USAGE = YES_ERROR;
				CLANG_WARN_DOCUMENTATION_COMMENTS = YES;
				CLANG_WARN_EMPTY_BODY = YES;
				CLANG_WARN_ENUM_CONVERSION = YES;
				CLANG_WARN_INFINITE_RECURSION = YES;
				CLANG_WARN_INT_CONVERSION = YES;
				CLANG_WARN_NON_LITERAL_NULL_CONVERSION = YES;
				CLANG_WARN_OBJC_IMPLICIT_RETAIN_SELF = YES;
				CLANG_WARN_OBJC_LITERAL_CONVERSION = YES;
				CLANG_WARN_OBJC_ROOT_CLASS = YES_ERROR;
				CLANG_WARN_QUOTED_INCLUDE_IN_FRAMEWORK_HEADER = YES;
				CLANG_WARN_RANGE_LOOP_ANALYSIS = YES;
				CLANG_WARN_STRICT_PROTOTYPES = YES;
				CLANG_WARN_SUSPICIOUS_MOVE = YES;
				CLANG_WARN_UNGUARDED_AVAILABILITY = YES_AGGRESSIVE;
				CLANG_WARN_UNREACHABLE_CODE = YES;
				CLANG_WARN__DUPLICATE_METHOD_MATCH = YES;
				COPY_PHASE_STRIP = NO;
				DEBUG_INFORMATION_FORMAT = "dwarf-with-dsym";
				ENABLE_NS_ASSERTIONS = NO;
				ENABLE_STRICT_OBJC_MSGSEND = YES;
				GCC_C_LANGUAGE_STANDARD = gnu11;
				GCC_NO_COMMON_BLOCKS = YES;
				GCC_WARN_64_TO_32_BIT_CONVERSION = YES;
				GCC_WARN_ABOUT_RETURN_TYPE = YES_ERROR;
				GCC_WARN_UNDECLARED_SELECTOR = YES;
				GCC_WARN_UNINITIALIZED_AUTOS = YES_AGGRESSIVE;
				GCC_WARN_UNUSED_FUNCTION = YES;
				GCC_WARN_UNUSED_VARIABLE = YES;
				IPHONEOS_DEPLOYMENT_TARGET = 11.0;
				MTL_ENABLE_DEBUG_INFO = NO;
				MTL_FAST_MATH = YES;
				SDKROOT = iphoneos;
				SWIFT_COMPILATION_MODE = wholemodule;
				SWIFT_OPTIMIZATION_LEVEL = "-O";
				VALIDATE_PRODUCT = YES;
			};
			name = Release;
		};
		B570C1B22682009200F020A8 /* Debug */ = {
			isa = XCBuildConfiguration;
			baseConfigurationReference = 01A12B75B7147CE72FCEE2EF /* Pods-ContactList.debug.xcconfig */;
			buildSettings = {
				ASSETCATALOG_COMPILER_APPICON_NAME = AppIcon;
				ASSETCATALOG_COMPILER_GLOBAL_ACCENT_COLOR_NAME = AccentColor;
				CODE_SIGN_STYLE = Automatic;
				DEVELOPMENT_TEAM = 8WAN8RL33Q;
				INFOPLIST_FILE = ContactList/Info.plist;
				IPHONEOS_DEPLOYMENT_TARGET = 11.0;
				LD_RUNPATH_SEARCH_PATHS = (
					"$(inherited)",
					"@executable_path/Frameworks",
				);
				PRODUCT_BUNDLE_IDENTIFIER = com.maxorax.ContactList;
				PRODUCT_NAME = "$(TARGET_NAME)";
				SWIFT_VERSION = 5.0;
				TARGETED_DEVICE_FAMILY = 1;
			};
			name = Debug;
		};
		B570C1B32682009200F020A8 /* Release */ = {
			isa = XCBuildConfiguration;
			baseConfigurationReference = E032F1EFB6C929ED40F3B7DE /* Pods-ContactList.release.xcconfig */;
			buildSettings = {
				ASSETCATALOG_COMPILER_APPICON_NAME = AppIcon;
				ASSETCATALOG_COMPILER_GLOBAL_ACCENT_COLOR_NAME = AccentColor;
				CODE_SIGN_STYLE = Automatic;
				DEVELOPMENT_TEAM = 8WAN8RL33Q;
				INFOPLIST_FILE = ContactList/Info.plist;
				IPHONEOS_DEPLOYMENT_TARGET = 11.0;
				LD_RUNPATH_SEARCH_PATHS = (
					"$(inherited)",
					"@executable_path/Frameworks",
				);
				PRODUCT_BUNDLE_IDENTIFIER = com.maxorax.ContactList;
				PRODUCT_NAME = "$(TARGET_NAME)";
				SWIFT_VERSION = 5.0;
				TARGETED_DEVICE_FAMILY = 1;
			};
			name = Release;
		};
/* End XCBuildConfiguration section */

/* Begin XCConfigurationList section */
		B570C1982682008D00F020A8 /* Build configuration list for PBXProject "ContactList" */ = {
			isa = XCConfigurationList;
			buildConfigurations = (
				B570C1AF2682009200F020A8 /* Debug */,
				B570C1B02682009200F020A8 /* Release */,
			);
			defaultConfigurationIsVisible = 0;
			defaultConfigurationName = Release;
		};
		B570C1B12682009200F020A8 /* Build configuration list for PBXNativeTarget "ContactList" */ = {
			isa = XCConfigurationList;
			buildConfigurations = (
				B570C1B22682009200F020A8 /* Debug */,
				B570C1B32682009200F020A8 /* Release */,
			);
			defaultConfigurationIsVisible = 0;
			defaultConfigurationName = Release;
		};
/* End XCConfigurationList section */
	};
	rootObject = B570C1952682008D00F020A8 /* Project object */;
}
