// !$*UTF8*$!
{
	archiveVersion = 1;
	classes = {
	};
	objectVersion = 51;
	objects = {

/* Begin PBXBuildFile section */
		B5029C22268DABEC0073E9A8 /* Constants.swift in Sources */ = {isa = PBXBuildFile; fileRef = B5029C21268DABEC0073E9A8 /* Constants.swift */; };
		B503E8602697979300F47E4D /* ContactModule.swift in Sources */ = {isa = PBXBuildFile; fileRef = B503E85F2697979300F47E4D /* ContactModule.swift */; };
		B503E86326979BCF00F47E4D /* RootRouter.swift in Sources */ = {isa = PBXBuildFile; fileRef = B503E86226979BCF00F47E4D /* RootRouter.swift */; };
		B503E86626979BE500F47E4D /* RootModule.swift in Sources */ = {isa = PBXBuildFile; fileRef = B503E86526979BE500F47E4D /* RootModule.swift */; };
		B503E86926979C4700F47E4D /* ContactRoute.swift in Sources */ = {isa = PBXBuildFile; fileRef = B503E86826979C4700F47E4D /* ContactRoute.swift */; };
		B503E86C26979C8500F47E4D /* PushTransition.swift in Sources */ = {isa = PBXBuildFile; fileRef = B503E86B26979C8500F47E4D /* PushTransition.swift */; };
		B503E86F26979FED00F47E4D /* RootModuleBuilder.swift in Sources */ = {isa = PBXBuildFile; fileRef = B503E86E26979FED00F47E4D /* RootModuleBuilder.swift */; };
		B503E8722697AAF100F47E4D /* LoginModule.swift in Sources */ = {isa = PBXBuildFile; fileRef = B503E8712697AAF100F47E4D /* LoginModule.swift */; };
		B503E8752697AB0600F47E4D /* LoginRouter.swift in Sources */ = {isa = PBXBuildFile; fileRef = B503E8742697AB0600F47E4D /* LoginRouter.swift */; };
		B503E8782697AB2600F47E4D /* LoginRoute.swift in Sources */ = {isa = PBXBuildFile; fileRef = B503E8772697AB2600F47E4D /* LoginRoute.swift */; };
		B503E87B2697AB6700F47E4D /* LoginTransition.swift in Sources */ = {isa = PBXBuildFile; fileRef = B503E87A2697AB6700F47E4D /* LoginTransition.swift */; };
		B54D50242685B0790069884F /* RootViewController.swift in Sources */ = {isa = PBXBuildFile; fileRef = B54D50222685B0790069884F /* RootViewController.swift */; };
		B54D50252685B0790069884F /* RootViewController.xib in Resources */ = {isa = PBXBuildFile; fileRef = B54D50232685B0790069884F /* RootViewController.xib */; };
		B55131CF2685DFBE0043FAA2 /* ContactViewController.xib in Resources */ = {isa = PBXBuildFile; fileRef = B55131CE2685DFBE0043FAA2 /* ContactViewController.xib */; };
		B55131D42685ED0A0043FAA2 /* ContactTableViewCell.swift in Sources */ = {isa = PBXBuildFile; fileRef = B55131D22685ED0A0043FAA2 /* ContactTableViewCell.swift */; };
		B55131D52685ED0A0043FAA2 /* ContactTableViewCell.xib in Resources */ = {isa = PBXBuildFile; fileRef = B55131D32685ED0A0043FAA2 /* ContactTableViewCell.xib */; };
		B55131D92685F3930043FAA2 /* ContactInfoViewController.swift in Sources */ = {isa = PBXBuildFile; fileRef = B55131D72685F3930043FAA2 /* ContactInfoViewController.swift */; };
		B55131DA2685F3930043FAA2 /* ContactInfoViewController.xib in Resources */ = {isa = PBXBuildFile; fileRef = B55131D82685F3930043FAA2 /* ContactInfoViewController.xib */; };
		B5595C4F268DCF0B00A3B4BA /* Dynamic.swift in Sources */ = {isa = PBXBuildFile; fileRef = B5595C4E268DCF0B00A3B4BA /* Dynamic.swift */; };
		B5595C53268DCF7000A3B4BA /* ContactViewModel.swift in Sources */ = {isa = PBXBuildFile; fileRef = B5595C52268DCF7000A3B4BA /* ContactViewModel.swift */; };
		B5595C57268DCFB300A3B4BA /* ContactViewModelProtocol.swift in Sources */ = {isa = PBXBuildFile; fileRef = B5595C56268DCFB300A3B4BA /* ContactViewModelProtocol.swift */; };
		B5595C5B268DFC9600A3B4BA /* СontactDataCell.swift in Sources */ = {isa = PBXBuildFile; fileRef = B5595C5A268DFC9600A3B4BA /* СontactDataCell.swift */; };
		B5649D262686024F00F36952 /* Peoples.swift in Sources */ = {isa = PBXBuildFile; fileRef = B5649D252686024F00F36952 /* Peoples.swift */; };
		B570C1A12682008D00F020A8 /* AppDelegate.swift in Sources */ = {isa = PBXBuildFile; fileRef = B570C1A02682008D00F020A8 /* AppDelegate.swift */; };
		B570C1AA2682009200F020A8 /* Assets.xcassets in Resources */ = {isa = PBXBuildFile; fileRef = B570C1A92682009200F020A8 /* Assets.xcassets */; };
		B570C1BC2682012B00F020A8 /* LoginViewController.swift in Sources */ = {isa = PBXBuildFile; fileRef = B570C1BA2682012A00F020A8 /* LoginViewController.swift */; };
		B570C1BD2682012B00F020A8 /* LoginViewController.xib in Resources */ = {isa = PBXBuildFile; fileRef = B570C1BB2682012A00F020A8 /* LoginViewController.xib */; };
		B57CC105268DADFD00B25C55 /* Name.swift in Sources */ = {isa = PBXBuildFile; fileRef = B57CC104268DADFD00B25C55 /* Name.swift */; };
		B57CC108268DAE0C00B25C55 /* Photo.swift in Sources */ = {isa = PBXBuildFile; fileRef = B57CC107268DAE0C00B25C55 /* Photo.swift */; };
		B57CC10B268DAE2500B25C55 /* EmailAddress.swift in Sources */ = {isa = PBXBuildFile; fileRef = B57CC10A268DAE2500B25C55 /* EmailAddress.swift */; };
		B57CC10E268DAE6100B25C55 /* People.swift in Sources */ = {isa = PBXBuildFile; fileRef = B57CC10D268DAE6100B25C55 /* People.swift */; };
		B57CC111268DAE8D00B25C55 /* PhoneNumber.swift in Sources */ = {isa = PBXBuildFile; fileRef = B57CC110268DAE8D00B25C55 /* PhoneNumber.swift */; };
		B589E20C269703E5003B3B79 /* ContactInfoModule.swift in Sources */ = {isa = PBXBuildFile; fileRef = B589E20B269703E5003B3B79 /* ContactInfoModule.swift */; };
		B589E2112697067F003B3B79 /* ContactInfoRoute.swift in Sources */ = {isa = PBXBuildFile; fileRef = B589E2102697067F003B3B79 /* ContactInfoRoute.swift */; };
		B589E2162697079C003B3B79 /* RouterProtocol.swift in Sources */ = {isa = PBXBuildFile; fileRef = B589E2152697079C003B3B79 /* RouterProtocol.swift */; };
		B589E2192697083A003B3B79 /* Transition.swift in Sources */ = {isa = PBXBuildFile; fileRef = B589E2182697083A003B3B79 /* Transition.swift */; };
		B589E21D269708FB003B3B79 /* PushNavigationTransition.swift in Sources */ = {isa = PBXBuildFile; fileRef = B589E21C269708FA003B3B79 /* PushNavigationTransition.swift */; };
		B589E22026970913003B3B79 /* Closable.swift in Sources */ = {isa = PBXBuildFile; fileRef = B589E21F26970913003B3B79 /* Closable.swift */; };
		B589E22326970959003B3B79 /* Router.swift in Sources */ = {isa = PBXBuildFile; fileRef = B589E22226970959003B3B79 /* Router.swift */; };
		B589E22626970A45003B3B79 /* ContactInfoRouter.swift in Sources */ = {isa = PBXBuildFile; fileRef = B589E22526970A45003B3B79 /* ContactInfoRouter.swift */; };
		B589E22B269719C5003B3B79 /* ContactRouter.swift in Sources */ = {isa = PBXBuildFile; fileRef = B589E22A269719C5003B3B79 /* ContactRouter.swift */; };
		B5A59B292693330F00C25076 /* NetworkManager.swift in Sources */ = {isa = PBXBuildFile; fileRef = B5A59B282693330F00C25076 /* NetworkManager.swift */; };
		B5A59B2D2693332800C25076 /* GIDSignInManager.swift in Sources */ = {isa = PBXBuildFile; fileRef = B5A59B2C2693332800C25076 /* GIDSignInManager.swift */; };
		B5A59B30269490A400C25076 /* GIDSignInManagerDelegate.swift in Sources */ = {isa = PBXBuildFile; fileRef = B5A59B2F269490A400C25076 /* GIDSignInManagerDelegate.swift */; };
		B5A59B342694998600C25076 /* RootViewModelProtocol.swift in Sources */ = {isa = PBXBuildFile; fileRef = B5A59B332694998600C25076 /* RootViewModelProtocol.swift */; };
		B5A59B37269499E500C25076 /* RootViewModel.swift in Sources */ = {isa = PBXBuildFile; fileRef = B5A59B36269499E500C25076 /* RootViewModel.swift */; };
		B5A59B3C2694B3A900C25076 /* ContactInfoViewModel.swift in Sources */ = {isa = PBXBuildFile; fileRef = B5A59B3B2694B3A800C25076 /* ContactInfoViewModel.swift */; };
		B5A59B3F2694B40E00C25076 /* ContactInfoViewModelProtocol.swift in Sources */ = {isa = PBXBuildFile; fileRef = B5A59B3E2694B40E00C25076 /* ContactInfoViewModelProtocol.swift */; };
		B5B1EBDD2692600400722955 /* LoginViewModelProtocol.swift in Sources */ = {isa = PBXBuildFile; fileRef = B5B1EBDC2692600300722955 /* LoginViewModelProtocol.swift */; };
		B5B1EBE0269260C600722955 /* LoginViewModel.swift in Sources */ = {isa = PBXBuildFile; fileRef = B5B1EBDF269260C600722955 /* LoginViewModel.swift */; };
		B5B58C9526848A6D00652581 /* GoogleService-Info.plist in Resources */ = {isa = PBXBuildFile; fileRef = B5B58C9426848A6D00652581 /* GoogleService-Info.plist */; };
		B5B58C9A26849B5E00652581 /* ContactViewController.swift in Sources */ = {isa = PBXBuildFile; fileRef = B5B58C9826849B5E00652581 /* ContactViewController.swift */; };
		BC4EE1BE75B9FD2E2AAB6850 /* Pods_ContactList.framework in Frameworks */ = {isa = PBXBuildFile; fileRef = CC8B18BF7118AE9157EF423D /* Pods_ContactList.framework */; };
/* End PBXBuildFile section */

/* Begin PBXFileReference section */
		01A12B75B7147CE72FCEE2EF /* Pods-ContactList.debug.xcconfig */ = {isa = PBXFileReference; includeInIndex = 1; lastKnownFileType = text.xcconfig; name = "Pods-ContactList.debug.xcconfig"; path = "Target Support Files/Pods-ContactList/Pods-ContactList.debug.xcconfig"; sourceTree = "<group>"; };
		B5029C21268DABEC0073E9A8 /* Constants.swift */ = {isa = PBXFileReference; lastKnownFileType = sourcecode.swift; path = Constants.swift; sourceTree = "<group>"; };
		B503E85F2697979300F47E4D /* ContactModule.swift */ = {isa = PBXFileReference; lastKnownFileType = sourcecode.swift; path = ContactModule.swift; sourceTree = "<group>"; };
		B503E86226979BCF00F47E4D /* RootRouter.swift */ = {isa = PBXFileReference; lastKnownFileType = sourcecode.swift; path = RootRouter.swift; sourceTree = "<group>"; };
		B503E86526979BE500F47E4D /* RootModule.swift */ = {isa = PBXFileReference; lastKnownFileType = sourcecode.swift; path = RootModule.swift; sourceTree = "<group>"; };
		B503E86826979C4700F47E4D /* ContactRoute.swift */ = {isa = PBXFileReference; lastKnownFileType = sourcecode.swift; path = ContactRoute.swift; sourceTree = "<group>"; };
		B503E86B26979C8500F47E4D /* PushTransition.swift */ = {isa = PBXFileReference; lastKnownFileType = sourcecode.swift; path = PushTransition.swift; sourceTree = "<group>"; };
		B503E86E26979FED00F47E4D /* RootModuleBuilder.swift */ = {isa = PBXFileReference; lastKnownFileType = sourcecode.swift; path = RootModuleBuilder.swift; sourceTree = "<group>"; };
		B503E8712697AAF100F47E4D /* LoginModule.swift */ = {isa = PBXFileReference; lastKnownFileType = sourcecode.swift; path = LoginModule.swift; sourceTree = "<group>"; };
		B503E8742697AB0600F47E4D /* LoginRouter.swift */ = {isa = PBXFileReference; lastKnownFileType = sourcecode.swift; path = LoginRouter.swift; sourceTree = "<group>"; };
		B503E8772697AB2600F47E4D /* LoginRoute.swift */ = {isa = PBXFileReference; lastKnownFileType = sourcecode.swift; path = LoginRoute.swift; sourceTree = "<group>"; };
		B503E87A2697AB6700F47E4D /* LoginTransition.swift */ = {isa = PBXFileReference; lastKnownFileType = sourcecode.swift; path = LoginTransition.swift; sourceTree = "<group>"; };
		B54D50222685B0790069884F /* RootViewController.swift */ = {isa = PBXFileReference; lastKnownFileType = sourcecode.swift; path = RootViewController.swift; sourceTree = "<group>"; };
		B54D50232685B0790069884F /* RootViewController.xib */ = {isa = PBXFileReference; lastKnownFileType = file.xib; path = RootViewController.xib; sourceTree = "<group>"; };
		B55131CE2685DFBE0043FAA2 /* ContactViewController.xib */ = {isa = PBXFileReference; fileEncoding = 4; lastKnownFileType = file.xib; path = ContactViewController.xib; sourceTree = "<group>"; };
		B55131D22685ED0A0043FAA2 /* ContactTableViewCell.swift */ = {isa = PBXFileReference; lastKnownFileType = sourcecode.swift; path = ContactTableViewCell.swift; sourceTree = "<group>"; };
		B55131D32685ED0A0043FAA2 /* ContactTableViewCell.xib */ = {isa = PBXFileReference; lastKnownFileType = file.xib; path = ContactTableViewCell.xib; sourceTree = "<group>"; };
		B55131D72685F3930043FAA2 /* ContactInfoViewController.swift */ = {isa = PBXFileReference; lastKnownFileType = sourcecode.swift; path = ContactInfoViewController.swift; sourceTree = "<group>"; };
		B55131D82685F3930043FAA2 /* ContactInfoViewController.xib */ = {isa = PBXFileReference; lastKnownFileType = file.xib; path = ContactInfoViewController.xib; sourceTree = "<group>"; };
		B5595C4E268DCF0B00A3B4BA /* Dynamic.swift */ = {isa = PBXFileReference; fileEncoding = 4; lastKnownFileType = sourcecode.swift; path = Dynamic.swift; sourceTree = "<group>"; };
		B5595C52268DCF7000A3B4BA /* ContactViewModel.swift */ = {isa = PBXFileReference; lastKnownFileType = sourcecode.swift; path = ContactViewModel.swift; sourceTree = "<group>"; };
		B5595C56268DCFB300A3B4BA /* ContactViewModelProtocol.swift */ = {isa = PBXFileReference; lastKnownFileType = sourcecode.swift; path = ContactViewModelProtocol.swift; sourceTree = "<group>"; };
		B5595C5A268DFC9600A3B4BA /* СontactDataCell.swift */ = {isa = PBXFileReference; lastKnownFileType = sourcecode.swift; path = "СontactDataCell.swift"; sourceTree = "<group>"; };
		B5649D252686024F00F36952 /* Peoples.swift */ = {isa = PBXFileReference; lastKnownFileType = sourcecode.swift; path = Peoples.swift; sourceTree = "<group>"; };
		B570C19D2682008D00F020A8 /* ContactList.app */ = {isa = PBXFileReference; explicitFileType = wrapper.application; includeInIndex = 0; path = ContactList.app; sourceTree = BUILT_PRODUCTS_DIR; };
		B570C1A02682008D00F020A8 /* AppDelegate.swift */ = {isa = PBXFileReference; lastKnownFileType = sourcecode.swift; path = AppDelegate.swift; sourceTree = "<group>"; };
		B570C1A92682009200F020A8 /* Assets.xcassets */ = {isa = PBXFileReference; lastKnownFileType = folder.assetcatalog; path = Assets.xcassets; sourceTree = "<group>"; };
		B570C1AE2682009200F020A8 /* Info.plist */ = {isa = PBXFileReference; lastKnownFileType = text.plist.xml; path = Info.plist; sourceTree = "<group>"; };
		B570C1BA2682012A00F020A8 /* LoginViewController.swift */ = {isa = PBXFileReference; lastKnownFileType = sourcecode.swift; path = LoginViewController.swift; sourceTree = "<group>"; };
		B570C1BB2682012A00F020A8 /* LoginViewController.xib */ = {isa = PBXFileReference; lastKnownFileType = file.xib; path = LoginViewController.xib; sourceTree = "<group>"; };
		B57CC104268DADFD00B25C55 /* Name.swift */ = {isa = PBXFileReference; lastKnownFileType = sourcecode.swift; path = Name.swift; sourceTree = "<group>"; };
		B57CC107268DAE0C00B25C55 /* Photo.swift */ = {isa = PBXFileReference; lastKnownFileType = sourcecode.swift; path = Photo.swift; sourceTree = "<group>"; };
		B57CC10A268DAE2500B25C55 /* EmailAddress.swift */ = {isa = PBXFileReference; lastKnownFileType = sourcecode.swift; path = EmailAddress.swift; sourceTree = "<group>"; };
		B57CC10D268DAE6100B25C55 /* People.swift */ = {isa = PBXFileReference; lastKnownFileType = sourcecode.swift; path = People.swift; sourceTree = "<group>"; };
		B57CC110268DAE8D00B25C55 /* PhoneNumber.swift */ = {isa = PBXFileReference; lastKnownFileType = sourcecode.swift; path = PhoneNumber.swift; sourceTree = "<group>"; };
		B589E20B269703E5003B3B79 /* ContactInfoModule.swift */ = {isa = PBXFileReference; lastKnownFileType = sourcecode.swift; path = ContactInfoModule.swift; sourceTree = "<group>"; };
		B589E2102697067F003B3B79 /* ContactInfoRoute.swift */ = {isa = PBXFileReference; lastKnownFileType = sourcecode.swift; path = ContactInfoRoute.swift; sourceTree = "<group>"; };
		B589E2152697079C003B3B79 /* RouterProtocol.swift */ = {isa = PBXFileReference; lastKnownFileType = sourcecode.swift; path = RouterProtocol.swift; sourceTree = "<group>"; };
		B589E2182697083A003B3B79 /* Transition.swift */ = {isa = PBXFileReference; lastKnownFileType = sourcecode.swift; path = Transition.swift; sourceTree = "<group>"; };
		B589E21C269708FA003B3B79 /* PushNavigationTransition.swift */ = {isa = PBXFileReference; lastKnownFileType = sourcecode.swift; path = PushNavigationTransition.swift; sourceTree = "<group>"; };
		B589E21F26970913003B3B79 /* Closable.swift */ = {isa = PBXFileReference; lastKnownFileType = sourcecode.swift; path = Closable.swift; sourceTree = "<group>"; };
		B589E22226970959003B3B79 /* Router.swift */ = {isa = PBXFileReference; lastKnownFileType = sourcecode.swift; path = Router.swift; sourceTree = "<group>"; };
		B589E22526970A45003B3B79 /* ContactInfoRouter.swift */ = {isa = PBXFileReference; lastKnownFileType = sourcecode.swift; path = ContactInfoRouter.swift; sourceTree = "<group>"; };
		B589E22A269719C5003B3B79 /* ContactRouter.swift */ = {isa = PBXFileReference; lastKnownFileType = sourcecode.swift; path = ContactRouter.swift; sourceTree = "<group>"; };
		B5A59B282693330F00C25076 /* NetworkManager.swift */ = {isa = PBXFileReference; lastKnownFileType = sourcecode.swift; path = NetworkManager.swift; sourceTree = "<group>"; };
		B5A59B2C2693332800C25076 /* GIDSignInManager.swift */ = {isa = PBXFileReference; lastKnownFileType = sourcecode.swift; path = GIDSignInManager.swift; sourceTree = "<group>"; };
		B5A59B2F269490A400C25076 /* GIDSignInManagerDelegate.swift */ = {isa = PBXFileReference; lastKnownFileType = sourcecode.swift; path = GIDSignInManagerDelegate.swift; sourceTree = "<group>"; };
		B5A59B332694998600C25076 /* RootViewModelProtocol.swift */ = {isa = PBXFileReference; lastKnownFileType = sourcecode.swift; path = RootViewModelProtocol.swift; sourceTree = "<group>"; };
		B5A59B36269499E500C25076 /* RootViewModel.swift */ = {isa = PBXFileReference; lastKnownFileType = sourcecode.swift; path = RootViewModel.swift; sourceTree = "<group>"; };
		B5A59B3B2694B3A800C25076 /* ContactInfoViewModel.swift */ = {isa = PBXFileReference; lastKnownFileType = sourcecode.swift; path = ContactInfoViewModel.swift; sourceTree = "<group>"; };
		B5A59B3E2694B40E00C25076 /* ContactInfoViewModelProtocol.swift */ = {isa = PBXFileReference; lastKnownFileType = sourcecode.swift; path = ContactInfoViewModelProtocol.swift; sourceTree = "<group>"; };
		B5B1EBDC2692600300722955 /* LoginViewModelProtocol.swift */ = {isa = PBXFileReference; lastKnownFileType = sourcecode.swift; path = LoginViewModelProtocol.swift; sourceTree = "<group>"; };
		B5B1EBDF269260C600722955 /* LoginViewModel.swift */ = {isa = PBXFileReference; lastKnownFileType = sourcecode.swift; path = LoginViewModel.swift; sourceTree = "<group>"; };
		B5B58C9426848A6D00652581 /* GoogleService-Info.plist */ = {isa = PBXFileReference; fileEncoding = 4; lastKnownFileType = text.plist.xml; path = "GoogleService-Info.plist"; sourceTree = "<group>"; };
		B5B58C9826849B5E00652581 /* ContactViewController.swift */ = {isa = PBXFileReference; lastKnownFileType = sourcecode.swift; path = ContactViewController.swift; sourceTree = "<group>"; };
		CC8B18BF7118AE9157EF423D /* Pods_ContactList.framework */ = {isa = PBXFileReference; explicitFileType = wrapper.framework; includeInIndex = 0; path = Pods_ContactList.framework; sourceTree = BUILT_PRODUCTS_DIR; };
		E032F1EFB6C929ED40F3B7DE /* Pods-ContactList.release.xcconfig */ = {isa = PBXFileReference; includeInIndex = 1; lastKnownFileType = text.xcconfig; name = "Pods-ContactList.release.xcconfig"; path = "Target Support Files/Pods-ContactList/Pods-ContactList.release.xcconfig"; sourceTree = "<group>"; };
/* End PBXFileReference section */

/* Begin PBXFrameworksBuildPhase section */
		B570C19A2682008D00F020A8 /* Frameworks */ = {
			isa = PBXFrameworksBuildPhase;
			buildActionMask = 2147483647;
			files = (
				BC4EE1BE75B9FD2E2AAB6850 /* Pods_ContactList.framework in Frameworks */,
			);
			runOnlyForDeploymentPostprocessing = 0;
		};
/* End PBXFrameworksBuildPhase section */

/* Begin PBXGroup section */
		113BFEF14755F99FCC2F8D8B /* Frameworks */ = {
			isa = PBXGroup;
			children = (
				CC8B18BF7118AE9157EF423D /* Pods_ContactList.framework */,
			);
			name = Frameworks;
			sourceTree = "<group>";
		};
		7D9B8F584BA8B8A7F87727A4 /* Pods */ = {
			isa = PBXGroup;
			children = (
				01A12B75B7147CE72FCEE2EF /* Pods-ContactList.debug.xcconfig */,
				E032F1EFB6C929ED40F3B7DE /* Pods-ContactList.release.xcconfig */,
			);
			path = Pods;
			sourceTree = "<group>";
		};
		B5029C1E268DA6980073E9A8 /* Scenes */ = {
			isa = PBXGroup;
			children = (
				B5B9C890268C9B1F00D5E28F /* Contact */,
				B5B9C88F268C9AF200D5E28F /* ContactInfo */,
				B5B9C88E268C9AD700D5E28F /* Login */,
				B5B9C88D268C9AC600D5E28F /* Root */,
			);
			path = Scenes;
			sourceTree = "<group>";
		};
		B5029C1F268DA6EF0073E9A8 /* Shared */ = {
			isa = PBXGroup;
			children = (
				B5029C20268DA6F80073E9A8 /* Constants */,
			);
			path = Shared;
			sourceTree = "<group>";
		};
		B5029C20268DA6F80073E9A8 /* Constants */ = {
			isa = PBXGroup;
			children = (
				B5029C21268DABEC0073E9A8 /* Constants.swift */,
			);
			path = Constants;
			sourceTree = "<group>";
		};
		B5595C51268DCF5800A3B4BA /* ViewModel */ = {
			isa = PBXGroup;
			children = (
				B5595C52268DCF7000A3B4BA /* ContactViewModel.swift */,
				B5595C56268DCFB300A3B4BA /* ContactViewModelProtocol.swift */,
			);
			path = ViewModel;
			sourceTree = "<group>";
		};
		B570C1942682008D00F020A8 = {
			isa = PBXGroup;
			children = (
				B570C19F2682008D00F020A8 /* ContactList */,
				B570C19E2682008D00F020A8 /* Products */,
				7D9B8F584BA8B8A7F87727A4 /* Pods */,
				113BFEF14755F99FCC2F8D8B /* Frameworks */,
			);
			sourceTree = "<group>";
		};
		B570C19E2682008D00F020A8 /* Products */ = {
			isa = PBXGroup;
			children = (
				B570C19D2682008D00F020A8 /* ContactList.app */,
			);
			name = Products;
			sourceTree = "<group>";
		};
		B570C19F2682008D00F020A8 /* ContactList */ = {
			isa = PBXGroup;
			children = (
				B589E20E2697063B003B3B79 /* Routing */,
				B5A59B27269332EE00C25076 /* Manager */,
				B5595C4E268DCF0B00A3B4BA /* Dynamic.swift */,
				B5029C1F268DA6EF0073E9A8 /* Shared */,
				B5029C1E268DA6980073E9A8 /* Scenes */,
				B57CC102268DADBD00B25C55 /* Application */,
				B57CC101268DAD7600B25C55 /* Resourses */,
				B57CC103268DADEA00B25C55 /* Configurations */,
			);
			path = ContactList;
			sourceTree = "<group>";
		};
		B57751842695B44C009E0727 /* NetworkManager */ = {
			isa = PBXGroup;
			children = (
				B5A59B282693330F00C25076 /* NetworkManager.swift */,
			);
			path = NetworkManager;
			sourceTree = "<group>";
		};
		B57751862695B469009E0727 /* GIDSignInManager */ = {
			isa = PBXGroup;
			children = (
				B5A59B2C2693332800C25076 /* GIDSignInManager.swift */,
				B5A59B2F269490A400C25076 /* GIDSignInManagerDelegate.swift */,
			);
			path = GIDSignInManager;
			sourceTree = "<group>";
		};
		B57CC101268DAD7600B25C55 /* Resourses */ = {
			isa = PBXGroup;
			children = (
				B570C1A92682009200F020A8 /* Assets.xcassets */,
			);
			path = Resourses;
			sourceTree = "<group>";
		};
		B57CC102268DADBD00B25C55 /* Application */ = {
			isa = PBXGroup;
			children = (
				B570C1A02682008D00F020A8 /* AppDelegate.swift */,
			);
			path = Application;
			sourceTree = "<group>";
		};
		B57CC103268DADEA00B25C55 /* Configurations */ = {
			isa = PBXGroup;
			children = (
				B570C1AE2682009200F020A8 /* Info.plist */,
				B5B58C9426848A6D00652581 /* GoogleService-Info.plist */,
			);
			name = Configurations;
			sourceTree = "<group>";
		};
		B57CC114268DB44900B25C55 /* Cells */ = {
			isa = PBXGroup;
			children = (
				B5B9C892268C9B3600D5E28F /* ContactTableViewCell */,
			);
			path = Cells;
			sourceTree = "<group>";
		};
		B57CC115268DB4D200B25C55 /* View */ = {
			isa = PBXGroup;
			children = (
				B55131CE2685DFBE0043FAA2 /* ContactViewController.xib */,
				B5B58C9826849B5E00652581 /* ContactViewController.swift */,
			);
			path = View;
			sourceTree = "<group>";
		};
		B57CC116268DB4E100B25C55 /* View */ = {
			isa = PBXGroup;
			children = (
				B55131D72685F3930043FAA2 /* ContactInfoViewController.swift */,
				B55131D82685F3930043FAA2 /* ContactInfoViewController.xib */,
			);
			path = View;
			sourceTree = "<group>";
		};
		B57CC117268DB4E800B25C55 /* View */ = {
			isa = PBXGroup;
			children = (
				B570C1BA2682012A00F020A8 /* LoginViewController.swift */,
				B570C1BB2682012A00F020A8 /* LoginViewController.xib */,
			);
			path = View;
			sourceTree = "<group>";
		};
		B57CC118268DB4EE00B25C55 /* View */ = {
			isa = PBXGroup;
			children = (
				B54D50232685B0790069884F /* RootViewController.xib */,
				B54D50222685B0790069884F /* RootViewController.swift */,
			);
			path = View;
			sourceTree = "<group>";
		};
		B589E20E2697063B003B3B79 /* Routing */ = {
			isa = PBXGroup;
			children = (
				B589E21B269708DD003B3B79 /* Transitions */,
				B589E20F26970658003B3B79 /* Routers */,
				B589E2152697079C003B3B79 /* RouterProtocol.swift */,
				B589E2182697083A003B3B79 /* Transition.swift */,
				B589E21F26970913003B3B79 /* Closable.swift */,
				B589E22226970959003B3B79 /* Router.swift */,
			);
			path = Routing;
			sourceTree = "<group>";
		};
		B589E20F26970658003B3B79 /* Routers */ = {
			isa = PBXGroup;
			children = (
				B589E2102697067F003B3B79 /* ContactInfoRoute.swift */,
				B503E86826979C4700F47E4D /* ContactRoute.swift */,
				B503E8772697AB2600F47E4D /* LoginRoute.swift */,
			);
			path = Routers;
			sourceTree = "<group>";
		};
		B589E21B269708DD003B3B79 /* Transitions */ = {
			isa = PBXGroup;
			children = (
				B589E21C269708FA003B3B79 /* PushNavigationTransition.swift */,
				B503E86B26979C8500F47E4D /* PushTransition.swift */,
				B503E87A2697AB6700F47E4D /* LoginTransition.swift */,
			);
			path = Transitions;
			sourceTree = "<group>";
		};
		B5A59B27269332EE00C25076 /* Manager */ = {
			isa = PBXGroup;
			children = (
				B57751842695B44C009E0727 /* NetworkManager */,
				B57751862695B469009E0727 /* GIDSignInManager */,
			);
			path = Manager;
			sourceTree = "<group>";
		};
		B5A59B322694996700C25076 /* ViewModel */ = {
			isa = PBXGroup;
			children = (
				B5A59B332694998600C25076 /* RootViewModelProtocol.swift */,
				B5A59B36269499E500C25076 /* RootViewModel.swift */,
			);
			path = ViewModel;
			sourceTree = "<group>";
		};
		B5A59B3A2694B36500C25076 /* ViewModel */ = {
			isa = PBXGroup;
			children = (
				B589E20B269703E5003B3B79 /* ContactInfoModule.swift */,
				B589E22526970A45003B3B79 /* ContactInfoRouter.swift */,
			);
			path = ViewModel;
			sourceTree = "<group>";
		};
		B5B1EBDA26925F2E00722955 /* ViewModel */ = {
			isa = PBXGroup;
			children = (
				B5B1EBDC2692600300722955 /* LoginViewModelProtocol.swift */,
				B5B1EBDF269260C600722955 /* LoginViewModel.swift */,
			);
			path = ViewModel;
			sourceTree = "<group>";
		};
		B5B9C88D268C9AC600D5E28F /* Root */ = {
			isa = PBXGroup;
			children = (
				B5A59B322694996700C25076 /* ViewModel */,
				B57CC118268DB4EE00B25C55 /* View */,
				B503E86226979BCF00F47E4D /* RootRouter.swift */,
				B503E86526979BE500F47E4D /* RootModule.swift */,
				B503E86E26979FED00F47E4D /* RootModuleBuilder.swift */,
			);
			path = Root;
			sourceTree = "<group>";
		};
		B5B9C88E268C9AD700D5E28F /* Login */ = {
			isa = PBXGroup;
			children = (
				B5B1EBDA26925F2E00722955 /* ViewModel */,
				B57CC117268DB4E800B25C55 /* View */,
				B503E8712697AAF100F47E4D /* LoginModule.swift */,
				B503E8742697AB0600F47E4D /* LoginRouter.swift */,
			);
			path = Login;
			sourceTree = "<group>";
		};
		B5B9C88F268C9AF200D5E28F /* ContactInfo */ = {
			isa = PBXGroup;
			children = (
				B5A59B3A2694B36500C25076 /* ViewModel */,
				B57CC116268DB4E100B25C55 /* View */,
				B5A59B3B2694B3A800C25076 /* ContactInfoViewModel.swift */,
				B5A59B3E2694B40E00C25076 /* ContactInfoViewModelProtocol.swift */,
			);
			path = ContactInfo;
			sourceTree = "<group>";
		};
		B5B9C890268C9B1F00D5E28F /* Contact */ = {
			isa = PBXGroup;
			children = (
				B5595C51268DCF5800A3B4BA /* ViewModel */,
				B57CC114268DB44900B25C55 /* Cells */,
				B5B9C895268C9B5D00D5E28F /* Models */,
				B57CC115268DB4D200B25C55 /* View */,
				B589E22A269719C5003B3B79 /* ContactRouter.swift */,
				B503E85F2697979300F47E4D /* ContactModule.swift */,
			);
			path = Contact;
			sourceTree = "<group>";
		};
		B5B9C892268C9B3600D5E28F /* ContactTableViewCell */ = {
			isa = PBXGroup;
			children = (
				B55131D32685ED0A0043FAA2 /* ContactTableViewCell.xib */,
				B55131D22685ED0A0043FAA2 /* ContactTableViewCell.swift */,
			);
			path = ContactTableViewCell;
			sourceTree = "<group>";
		};
		B5B9C895268C9B5D00D5E28F /* Models */ = {
			isa = PBXGroup;
			children = (
				B5649D252686024F00F36952 /* Peoples.swift */,
				B57CC10D268DAE6100B25C55 /* People.swift */,
				B57CC104268DADFD00B25C55 /* Name.swift */,
				B57CC107268DAE0C00B25C55 /* Photo.swift */,
				B57CC10A268DAE2500B25C55 /* EmailAddress.swift */,
				B57CC110268DAE8D00B25C55 /* PhoneNumber.swift */,
				B5595C5A268DFC9600A3B4BA /* СontactDataCell.swift */,
			);
			path = Models;
			sourceTree = "<group>";
		};
/* End PBXGroup section */

/* Begin PBXNativeTarget section */
		B570C19C2682008D00F020A8 /* ContactList */ = {
			isa = PBXNativeTarget;
			buildConfigurationList = B570C1B12682009200F020A8 /* Build configuration list for PBXNativeTarget "ContactList" */;
			buildPhases = (
				75CB03DF0F5B1233FE1254F4 /* [CP] Check Pods Manifest.lock */,
				B570C1992682008D00F020A8 /* Sources */,
				B570C19A2682008D00F020A8 /* Frameworks */,
				B570C19B2682008D00F020A8 /* Resources */,
				47AB03561E812C0CEB34FD74 /* [CP] Embed Pods Frameworks */,
				E9858BEF4B840512EE30DC21 /* [CP] Copy Pods Resources */,
			);
			buildRules = (
			);
			dependencies = (
			);
			name = ContactList;
			productName = ContactList;
			productReference = B570C19D2682008D00F020A8 /* ContactList.app */;
			productType = "com.apple.product-type.application";
		};
/* End PBXNativeTarget section */

/* Begin PBXProject section */
		B570C1952682008D00F020A8 /* Project object */ = {
			isa = PBXProject;
			attributes = {
				LastSwiftUpdateCheck = 1230;
				LastUpgradeCheck = 1230;
				TargetAttributes = {
					B570C19C2682008D00F020A8 = {
						CreatedOnToolsVersion = 12.3;
					};
				};
			};
			buildConfigurationList = B570C1982682008D00F020A8 /* Build configuration list for PBXProject "ContactList" */;
			compatibilityVersion = "Xcode 9.3";
			developmentRegion = en;
			hasScannedForEncodings = 0;
			knownRegions = (
				en,
				Base,
			);
			mainGroup = B570C1942682008D00F020A8;
			productRefGroup = B570C19E2682008D00F020A8 /* Products */;
			projectDirPath = "";
			projectRoot = "";
			targets = (
				B570C19C2682008D00F020A8 /* ContactList */,
			);
		};
/* End PBXProject section */

/* Begin PBXResourcesBuildPhase section */
		B570C19B2682008D00F020A8 /* Resources */ = {
			isa = PBXResourcesBuildPhase;
			buildActionMask = 2147483647;
			files = (
				B55131D52685ED0A0043FAA2 /* ContactTableViewCell.xib in Resources */,
				B570C1BD2682012B00F020A8 /* LoginViewController.xib in Resources */,
				B55131CF2685DFBE0043FAA2 /* ContactViewController.xib in Resources */,
				B54D50252685B0790069884F /* RootViewController.xib in Resources */,
				B570C1AA2682009200F020A8 /* Assets.xcassets in Resources */,
				B55131DA2685F3930043FAA2 /* ContactInfoViewController.xib in Resources */,
				B5B58C9526848A6D00652581 /* GoogleService-Info.plist in Resources */,
			);
			runOnlyForDeploymentPostprocessing = 0;
		};
/* End PBXResourcesBuildPhase section */

/* Begin PBXShellScriptBuildPhase section */
		47AB03561E812C0CEB34FD74 /* [CP] Embed Pods Frameworks */ = {
			isa = PBXShellScriptBuildPhase;
			buildActionMask = 2147483647;
			files = (
			);
			inputFileListPaths = (
				"${PODS_ROOT}/Target Support Files/Pods-ContactList/Pods-ContactList-frameworks-${CONFIGURATION}-input-files.xcfilelist",
			);
			name = "[CP] Embed Pods Frameworks";
			outputFileListPaths = (
				"${PODS_ROOT}/Target Support Files/Pods-ContactList/Pods-ContactList-frameworks-${CONFIGURATION}-output-files.xcfilelist",
			);
			runOnlyForDeploymentPostprocessing = 0;
			shellPath = /bin/sh;
			shellScript = "\"${PODS_ROOT}/Target Support Files/Pods-ContactList/Pods-ContactList-frameworks.sh\"\n";
			showEnvVarsInLog = 0;
		};
		75CB03DF0F5B1233FE1254F4 /* [CP] Check Pods Manifest.lock */ = {
			isa = PBXShellScriptBuildPhase;
			buildActionMask = 2147483647;
			files = (
			);
			inputFileListPaths = (
			);
			inputPaths = (
				"${PODS_PODFILE_DIR_PATH}/Podfile.lock",
				"${PODS_ROOT}/Manifest.lock",
			);
			name = "[CP] Check Pods Manifest.lock";
			outputFileListPaths = (
			);
			outputPaths = (
				"$(DERIVED_FILE_DIR)/Pods-ContactList-checkManifestLockResult.txt",
			);
			runOnlyForDeploymentPostprocessing = 0;
			shellPath = /bin/sh;
			shellScript = "diff \"${PODS_PODFILE_DIR_PATH}/Podfile.lock\" \"${PODS_ROOT}/Manifest.lock\" > /dev/null\nif [ $? != 0 ] ; then\n    # print error to STDERR\n    echo \"error: The sandbox is not in sync with the Podfile.lock. Run 'pod install' or update your CocoaPods installation.\" >&2\n    exit 1\nfi\n# This output is used by Xcode 'outputs' to avoid re-running this script phase.\necho \"SUCCESS\" > \"${SCRIPT_OUTPUT_FILE_0}\"\n";
			showEnvVarsInLog = 0;
		};
		E9858BEF4B840512EE30DC21 /* [CP] Copy Pods Resources */ = {
			isa = PBXShellScriptBuildPhase;
			buildActionMask = 2147483647;
			files = (
			);
			inputFileListPaths = (
				"${PODS_ROOT}/Target Support Files/Pods-ContactList/Pods-ContactList-resources-${CONFIGURATION}-input-files.xcfilelist",
			);
			name = "[CP] Copy Pods Resources";
			outputFileListPaths = (
				"${PODS_ROOT}/Target Support Files/Pods-ContactList/Pods-ContactList-resources-${CONFIGURATION}-output-files.xcfilelist",
			);
			runOnlyForDeploymentPostprocessing = 0;
			shellPath = /bin/sh;
			shellScript = "\"${PODS_ROOT}/Target Support Files/Pods-ContactList/Pods-ContactList-resources.sh\"\n";
			showEnvVarsInLog = 0;
		};
/* End PBXShellScriptBuildPhase section */

/* Begin PBXSourcesBuildPhase section */
		B570C1992682008D00F020A8 /* Sources */ = {
			isa = PBXSourcesBuildPhase;
			buildActionMask = 2147483647;
			files = (
				B503E87B2697AB6700F47E4D /* LoginTransition.swift in Sources */,
				B589E2192697083A003B3B79 /* Transition.swift in Sources */,
				B5B58C9A26849B5E00652581 /* ContactViewController.swift in Sources */,
				B5A59B3C2694B3A900C25076 /* ContactInfoViewModel.swift in Sources */,
				B55131D42685ED0A0043FAA2 /* ContactTableViewCell.swift in Sources */,
				B5595C5B268DFC9600A3B4BA /* СontactDataCell.swift in Sources */,
				B57CC10B268DAE2500B25C55 /* EmailAddress.swift in Sources */,
				B5595C57268DCFB300A3B4BA /* ContactViewModelProtocol.swift in Sources */,
				B503E8752697AB0600F47E4D /* LoginRouter.swift in Sources */,
				B5A59B30269490A400C25076 /* GIDSignInManagerDelegate.swift in Sources */,
				B5595C4F268DCF0B00A3B4BA /* Dynamic.swift in Sources */,
				B589E22B269719C5003B3B79 /* ContactRouter.swift in Sources */,
				B503E86C26979C8500F47E4D /* PushTransition.swift in Sources */,
				B5A59B342694998600C25076 /* RootViewModelProtocol.swift in Sources */,
				B5B1EBDD2692600400722955 /* LoginViewModelProtocol.swift in Sources */,
				B503E8602697979300F47E4D /* ContactModule.swift in Sources */,
				B503E86626979BE500F47E4D /* RootModule.swift in Sources */,
				B5649D262686024F00F36952 /* Peoples.swift in Sources */,
				B57CC10E268DAE6100B25C55 /* People.swift in Sources */,
				B503E8722697AAF100F47E4D /* LoginModule.swift in Sources */,
				B589E2112697067F003B3B79 /* ContactInfoRoute.swift in Sources */,
				B503E86326979BCF00F47E4D /* RootRouter.swift in Sources */,
				B589E22026970913003B3B79 /* Closable.swift in Sources */,
				B570C1BC2682012B00F020A8 /* LoginViewController.swift in Sources */,
				B57CC108268DAE0C00B25C55 /* Photo.swift in Sources */,
				B5A59B37269499E500C25076 /* RootViewModel.swift in Sources */,
				B54D50242685B0790069884F /* RootViewController.swift in Sources */,
				B5A59B292693330F00C25076 /* NetworkManager.swift in Sources */,
				B5A59B2D2693332800C25076 /* GIDSignInManager.swift in Sources */,
				B570C1A12682008D00F020A8 /* AppDelegate.swift in Sources */,
				B503E86926979C4700F47E4D /* ContactRoute.swift in Sources */,
				B589E22326970959003B3B79 /* Router.swift in Sources */,
				B503E86F26979FED00F47E4D /* RootModuleBuilder.swift in Sources */,
				B589E2162697079C003B3B79 /* RouterProtocol.swift in Sources */,
				B5595C53268DCF7000A3B4BA /* ContactViewModel.swift in Sources */,
				B57CC105268DADFD00B25C55 /* Name.swift in Sources */,
				B589E20C269703E5003B3B79 /* ContactInfoModule.swift in Sources */,
				B57CC111268DAE8D00B25C55 /* PhoneNumber.swift in Sources */,
				B55131D92685F3930043FAA2 /* ContactInfoViewController.swift in Sources */,
				B589E22626970A45003B3B79 /* ContactInfoRouter.swift in Sources */,
				B589E21D269708FB003B3B79 /* PushNavigationTransition.swift in Sources */,
				B5B1EBE0269260C600722955 /* LoginViewModel.swift in Sources */,
				B5029C22268DABEC0073E9A8 /* Constants.swift in Sources */,
				B5A59B3F2694B40E00C25076 /* ContactInfoViewModelProtocol.swift in Sources */,
				B503E8782697AB2600F47E4D /* LoginRoute.swift in Sources */,
			);
			runOnlyForDeploymentPostprocessing = 0;
		};
/* End PBXSourcesBuildPhase section */

/* Begin XCBuildConfiguration section */
		B570C1AF2682009200F020A8 /* Debug */ = {
			isa = XCBuildConfiguration;
			buildSettings = {
				ALWAYS_SEARCH_USER_PATHS = NO;
				CLANG_ANALYZER_NONNULL = YES;
				CLANG_ANALYZER_NUMBER_OBJECT_CONVERSION = YES_AGGRESSIVE;
				CLANG_CXX_LANGUAGE_STANDARD = "gnu++14";
				CLANG_CXX_LIBRARY = "libc++";
				CLANG_ENABLE_MODULES = YES;
				CLANG_ENABLE_OBJC_ARC = YES;
				CLANG_ENABLE_OBJC_WEAK = YES;
				CLANG_WARN_BLOCK_CAPTURE_AUTORELEASING = YES;
				CLANG_WARN_BOOL_CONVERSION = YES;
				CLANG_WARN_COMMA = YES;
				CLANG_WARN_CONSTANT_CONVERSION = YES;
				CLANG_WARN_DEPRECATED_OBJC_IMPLEMENTATIONS = YES;
				CLANG_WARN_DIRECT_OBJC_ISA_USAGE = YES_ERROR;
				CLANG_WARN_DOCUMENTATION_COMMENTS = YES;
				CLANG_WARN_EMPTY_BODY = YES;
				CLANG_WARN_ENUM_CONVERSION = YES;
				CLANG_WARN_INFINITE_RECURSION = YES;
				CLANG_WARN_INT_CONVERSION = YES;
				CLANG_WARN_NON_LITERAL_NULL_CONVERSION = YES;
				CLANG_WARN_OBJC_IMPLICIT_RETAIN_SELF = YES;
				CLANG_WARN_OBJC_LITERAL_CONVERSION = YES;
				CLANG_WARN_OBJC_ROOT_CLASS = YES_ERROR;
				CLANG_WARN_QUOTED_INCLUDE_IN_FRAMEWORK_HEADER = YES;
				CLANG_WARN_RANGE_LOOP_ANALYSIS = YES;
				CLANG_WARN_STRICT_PROTOTYPES = YES;
				CLANG_WARN_SUSPICIOUS_MOVE = YES;
				CLANG_WARN_UNGUARDED_AVAILABILITY = YES_AGGRESSIVE;
				CLANG_WARN_UNREACHABLE_CODE = YES;
				CLANG_WARN__DUPLICATE_METHOD_MATCH = YES;
				COPY_PHASE_STRIP = NO;
				DEBUG_INFORMATION_FORMAT = dwarf;
				ENABLE_STRICT_OBJC_MSGSEND = YES;
				ENABLE_TESTABILITY = YES;
				GCC_C_LANGUAGE_STANDARD = gnu11;
				GCC_DYNAMIC_NO_PIC = NO;
				GCC_NO_COMMON_BLOCKS = YES;
				GCC_OPTIMIZATION_LEVEL = 0;
				GCC_PREPROCESSOR_DEFINITIONS = (
					"DEBUG=1",
					"$(inherited)",
				);
				GCC_WARN_64_TO_32_BIT_CONVERSION = YES;
				GCC_WARN_ABOUT_RETURN_TYPE = YES_ERROR;
				GCC_WARN_UNDECLARED_SELECTOR = YES;
				GCC_WARN_UNINITIALIZED_AUTOS = YES_AGGRESSIVE;
				GCC_WARN_UNUSED_FUNCTION = YES;
				GCC_WARN_UNUSED_VARIABLE = YES;
				IPHONEOS_DEPLOYMENT_TARGET = 11.0;
				MTL_ENABLE_DEBUG_INFO = INCLUDE_SOURCE;
				MTL_FAST_MATH = YES;
				ONLY_ACTIVE_ARCH = YES;
				SDKROOT = iphoneos;
				SWIFT_ACTIVE_COMPILATION_CONDITIONS = DEBUG;
				SWIFT_OPTIMIZATION_LEVEL = "-Onone";
			};
			name = Debug;
		};
		B570C1B02682009200F020A8 /* Release */ = {
			isa = XCBuildConfiguration;
			buildSettings = {
				ALWAYS_SEARCH_USER_PATHS = NO;
				CLANG_ANALYZER_NONNULL = YES;
				CLANG_ANALYZER_NUMBER_OBJECT_CONVERSION = YES_AGGRESSIVE;
				CLANG_CXX_LANGUAGE_STANDARD = "gnu++14";
				CLANG_CXX_LIBRARY = "libc++";
				CLANG_ENABLE_MODULES = YES;
				CLANG_ENABLE_OBJC_ARC = YES;
				CLANG_ENABLE_OBJC_WEAK = YES;
				CLANG_WARN_BLOCK_CAPTURE_AUTORELEASING = YES;
				CLANG_WARN_BOOL_CONVERSION = YES;
				CLANG_WARN_COMMA = YES;
				CLANG_WARN_CONSTANT_CONVERSION = YES;
				CLANG_WARN_DEPRECATED_OBJC_IMPLEMENTATIONS = YES;
				CLANG_WARN_DIRECT_OBJC_ISA_USAGE = YES_ERROR;
				CLANG_WARN_DOCUMENTATION_COMMENTS = YES;
				CLANG_WARN_EMPTY_BODY = YES;
				CLANG_WARN_ENUM_CONVERSION = YES;
				CLANG_WARN_INFINITE_RECURSION = YES;
				CLANG_WARN_INT_CONVERSION = YES;
				CLANG_WARN_NON_LITERAL_NULL_CONVERSION = YES;
				CLANG_WARN_OBJC_IMPLICIT_RETAIN_SELF = YES;
				CLANG_WARN_OBJC_LITERAL_CONVERSION = YES;
				CLANG_WARN_OBJC_ROOT_CLASS = YES_ERROR;
				CLANG_WARN_QUOTED_INCLUDE_IN_FRAMEWORK_HEADER = YES;
				CLANG_WARN_RANGE_LOOP_ANALYSIS = YES;
				CLANG_WARN_STRICT_PROTOTYPES = YES;
				CLANG_WARN_SUSPICIOUS_MOVE = YES;
				CLANG_WARN_UNGUARDED_AVAILABILITY = YES_AGGRESSIVE;
				CLANG_WARN_UNREACHABLE_CODE = YES;
				CLANG_WARN__DUPLICATE_METHOD_MATCH = YES;
				COPY_PHASE_STRIP = NO;
				DEBUG_INFORMATION_FORMAT = "dwarf-with-dsym";
				ENABLE_NS_ASSERTIONS = NO;
				ENABLE_STRICT_OBJC_MSGSEND = YES;
				GCC_C_LANGUAGE_STANDARD = gnu11;
				GCC_NO_COMMON_BLOCKS = YES;
				GCC_WARN_64_TO_32_BIT_CONVERSION = YES;
				GCC_WARN_ABOUT_RETURN_TYPE = YES_ERROR;
				GCC_WARN_UNDECLARED_SELECTOR = YES;
				GCC_WARN_UNINITIALIZED_AUTOS = YES_AGGRESSIVE;
				GCC_WARN_UNUSED_FUNCTION = YES;
				GCC_WARN_UNUSED_VARIABLE = YES;
				IPHONEOS_DEPLOYMENT_TARGET = 11.0;
				MTL_ENABLE_DEBUG_INFO = NO;
				MTL_FAST_MATH = YES;
				SDKROOT = iphoneos;
				SWIFT_COMPILATION_MODE = wholemodule;
				SWIFT_OPTIMIZATION_LEVEL = "-O";
				VALIDATE_PRODUCT = YES;
			};
			name = Release;
		};
		B570C1B22682009200F020A8 /* Debug */ = {
			isa = XCBuildConfiguration;
			baseConfigurationReference = 01A12B75B7147CE72FCEE2EF /* Pods-ContactList.debug.xcconfig */;
			buildSettings = {
				ASSETCATALOG_COMPILER_APPICON_NAME = AppIcon;
				ASSETCATALOG_COMPILER_GLOBAL_ACCENT_COLOR_NAME = AccentColor;
				CODE_SIGN_STYLE = Automatic;
				DEVELOPMENT_TEAM = 8WAN8RL33Q;
				INFOPLIST_FILE = ContactList/Info.plist;
				IPHONEOS_DEPLOYMENT_TARGET = 11.0;
				LD_RUNPATH_SEARCH_PATHS = (
					"$(inherited)",
					"@executable_path/Frameworks",
				);
				PRODUCT_BUNDLE_IDENTIFIER = com.maxorax.ContactList;
				PRODUCT_NAME = "$(TARGET_NAME)";
				SWIFT_VERSION = 5.0;
				TARGETED_DEVICE_FAMILY = 1;
			};
			name = Debug;
		};
		B570C1B32682009200F020A8 /* Release */ = {
			isa = XCBuildConfiguration;
			baseConfigurationReference = E032F1EFB6C929ED40F3B7DE /* Pods-ContactList.release.xcconfig */;
			buildSettings = {
				ASSETCATALOG_COMPILER_APPICON_NAME = AppIcon;
				ASSETCATALOG_COMPILER_GLOBAL_ACCENT_COLOR_NAME = AccentColor;
				CODE_SIGN_STYLE = Automatic;
				DEVELOPMENT_TEAM = 8WAN8RL33Q;
				INFOPLIST_FILE = ContactList/Info.plist;
				IPHONEOS_DEPLOYMENT_TARGET = 11.0;
				LD_RUNPATH_SEARCH_PATHS = (
					"$(inherited)",
					"@executable_path/Frameworks",
				);
				PRODUCT_BUNDLE_IDENTIFIER = com.maxorax.ContactList;
				PRODUCT_NAME = "$(TARGET_NAME)";
				SWIFT_VERSION = 5.0;
				TARGETED_DEVICE_FAMILY = 1;
			};
			name = Release;
		};
/* End XCBuildConfiguration section */

/* Begin XCConfigurationList section */
		B570C1982682008D00F020A8 /* Build configuration list for PBXProject "ContactList" */ = {
			isa = XCConfigurationList;
			buildConfigurations = (
				B570C1AF2682009200F020A8 /* Debug */,
				B570C1B02682009200F020A8 /* Release */,
			);
			defaultConfigurationIsVisible = 0;
			defaultConfigurationName = Release;
		};
		B570C1B12682009200F020A8 /* Build configuration list for PBXNativeTarget "ContactList" */ = {
			isa = XCConfigurationList;
			buildConfigurations = (
				B570C1B22682009200F020A8 /* Debug */,
				B570C1B32682009200F020A8 /* Release */,
			);
			defaultConfigurationIsVisible = 0;
			defaultConfigurationName = Release;
		};
/* End XCConfigurationList section */
	};
	rootObject = B570C1952682008D00F020A8 /* Project object */;
}
